
Microsoft Visual Studio Solution File, Format Version 12.00
# Visual Studio Version 16
VisualStudioVersion = 16.0.30621.155
MinimumVisualStudioVersion = 10.0.40219.1
Project("{FAE04EC0-301F-11D3-BF4B-00C04F79EFBC}") = "lab15", "lab15\lab15.csproj", "{5E87A524-2BE7-4A3F-B9E0-76F749BE29B6}"
EndProject
Global
	GlobalSection(SolutionConfigurationPlatforms) = preSolution
		Debug|Any CPU = Debug|Any CPU
		Release|Any CPU = Release|Any CPU
	EndGlobalSection
	GlobalSection(ProjectConfigurationPlatforms) = postSolution
		{5E87A524-2BE7-4A3F-B9E0-76F749BE29B6}.Debug|Any CPU.ActiveCfg = Debug|Any CPU
		{5E87A524-2BE7-4A3F-B9E0-76F749BE29B6}.Debug|Any CPU.Build.0 = Debug|Any CPU
		{5E87A524-2BE7-4A3F-B9E0-76F749BE29B6}.Release|Any CPU.ActiveCfg = Release|Any CPU
		{5E87A524-2BE7-4A3F-B9E0-76F749BE29B6}.Release|Any CPU.Build.0 = Release|Any CPU
	EndGlobalSection
	GlobalSection(SolutionProperties) = preSolution
		HideSolutionNode = FALSE
	EndGlobalSection
	GlobalSection(ExtensibilityGlobals) = postSolution
		SolutionGuid = {258E3D1B-6DEB-4DBD-9D3B-17A509DF50F4}
	EndGlobalSection
EndGlobal
