
Microsoft Visual Studio Solution File, Format Version 12.00
# Visual Studio Version 16
VisualStudioVersion = 16.0.30621.155
MinimumVisualStudioVersion = 10.0.40219.1
Project("{FAE04EC0-301F-11D3-BF4B-00C04F79EFBC}") = "lab6", "lab6\lab6.csproj", "{1FC17CDA-2A32-4C71-9565-034DA7C9312B}"
EndProject
Global
	GlobalSection(SolutionConfigurationPlatforms) = preSolution
		Debug|Any CPU = Debug|Any CPU
		Release|Any CPU = Release|Any CPU
	EndGlobalSection
	GlobalSection(ProjectConfigurationPlatforms) = postSolution
		{1FC17CDA-2A32-4C71-9565-034DA7C9312B}.Debug|Any CPU.ActiveCfg = Debug|Any CPU
		{1FC17CDA-2A32-4C71-9565-034DA7C9312B}.Debug|Any CPU.Build.0 = Debug|Any CPU
		{1FC17CDA-2A32-4C71-9565-034DA7C9312B}.Release|Any CPU.ActiveCfg = Release|Any CPU
		{1FC17CDA-2A32-4C71-9565-034DA7C9312B}.Release|Any CPU.Build.0 = Release|Any CPU
	EndGlobalSection
	GlobalSection(SolutionProperties) = preSolution
		HideSolutionNode = FALSE
	EndGlobalSection
	GlobalSection(ExtensibilityGlobals) = postSolution
		SolutionGuid = {4EFAA58C-BA56-4151-B7D0-A69911C63712}
	EndGlobalSection
EndGlobal
